Microsoft Visual Studio Solution File, Format Version 12.00
# Visual Studio 15
VisualStudioVersion = 15.0.26430.14
MinimumVisualStudioVersion = 15.0.26124.0
Project("{FAE04EC0-301F-11D3-BF4B-00C04F79EFBC}") = "App.Server", "src\App.Server\App.Server.csproj", "{4C3D07C1-27D6-424E-AA0A-F1DC3AA541B2}"
EndProject
Global
	GlobalSection(SolutionConfigurationPlatforms) = preSolution
		Debug|Any CPU = Debug|Any CPU
		Debug|x64 = Debug|x64
		Debug|x86 = Debug|x86
		Release|Any CPU = Release|Any CPU
		Release|x64 = Release|x64
		Release|x86 = Release|x86
	EndGlobalSection
	GlobalSection(ProjectConfigurationPlatforms) = postSolution
		{4C3D07C1-27D6-424E-AA0A-F1DC3AA541B2}.Debug|Any CPU.ActiveCfg = Debug|Any CPU
		{4C3D07C1-27D6-424E-AA0A-F1DC3AA541B2}.Debug|Any CPU.Build.0 = Debug|Any CPU
		{4C3D07C1-27D6-424E-AA0A-F1DC3AA541B2}.Debug|x64.ActiveCfg = Debug|Any CPU
		{4C3D07C1-27D6-424E-AA0A-F1DC3AA541B2}.Debug|x64.Build.0 = Debug|Any CPU
		{4C3D07C1-27D6-424E-AA0A-F1DC3AA541B2}.Debug|x86.ActiveCfg = Debug|Any CPU
		{4C3D07C1-27D6-424E-AA0A-F1DC3AA541B2}.Debug|x86.Build.0 = Debug|Any CPU
		{4C3D07C1-27D6-424E-AA0A-F1DC3AA541B2}.Release|Any CPU.ActiveCfg = Release|Any CPU
		{4C3D07C1-27D6-424E-AA0A-F1DC3AA541B2}.Release|Any CPU.Build.0 = Release|Any CPU
		{4C3D07C1-27D6-424E-AA0A-F1DC3AA541B2}.Release|x64.ActiveCfg = Release|Any CPU
		{4C3D07C1-27D6-424E-AA0A-F1DC3AA541B2}.Release|x64.Build.0 = Release|Any CPU
		{4C3D07C1-27D6-424E-AA0A-F1DC3AA541B2}.Release|x86.ActiveCfg = Release|Any CPU
		{4C3D07C1-27D6-424E-AA0A-F1DC3AA541B2}.Release|x86.Build.0 = Release|Any CPU
	EndGlobalSection
	GlobalSection(SolutionProperties) = preSolution
		HideSolutionNode = FALSE
	EndGlobalSection
	GlobalSection(NestedProjects) = preSolution
	EndGlobalSection
EndGlobal
